// !$*UTF8*$!
{
	archiveVersion = 1;
	classes = {
	};
	objectVersion = 56;
	objects = {

/* Begin PBXBuildFile section */
		AA000001 /* RoadStepApp.swift in Sources */ = {isa = PBXBuildFile; fileRef = BB000001 /* RoadStepApp.swift */; };
		AA000002 /* WalkStore.swift in Sources */ = {isa = PBXBuildFile; fileRef = BB000002 /* WalkStore.swift */; };
		AA000003 /* CustomIcons.swift in Sources */ = {isa = PBXBuildFile; fileRef = BB000003 /* CustomIcons.swift */; };
		AA000004 /* MainTabView.swift in Sources */ = {isa = PBXBuildFile; fileRef = BB000004 /* MainTabView.swift */; };
		AA000005 /* DashboardView.swift in Sources */ = {isa = PBXBuildFile; fileRef = BB000005 /* DashboardView.swift */; };
		AA000006 /* LogWalkView.swift in Sources */ = {isa = PBXBuildFile; fileRef = BB000006 /* LogWalkView.swift */; };
		AA000007 /* HistoryView.swift in Sources */ = {isa = PBXBuildFile; fileRef = BB000007 /* HistoryView.swift */; };
		AA000008 /* StatsView.swift in Sources */ = {isa = PBXBuildFile; fileRef = BB000008 /* StatsView.swift */; };
		AA000009 /* GoalsView.swift in Sources */ = {isa = PBXBuildFile; fileRef = BB000009 /* GoalsView.swift */; };
		AA00000A /* StepWebPanel.swift in Sources */ = {isa = PBXBuildFile; fileRef = BB00000A /* StepWebPanel.swift */; };
		AA00000B /* StepLoadingScreen.swift in Sources */ = {isa = PBXBuildFile; fileRef = BB00000B /* StepLoadingScreen.swift */; };
		AA00000C /* StepRedirectWatcher.swift in Sources */ = {isa = PBXBuildFile; fileRef = BB00000C /* StepRedirectWatcher.swift */; };
		AA00000D /* Assets.xcassets in Resources */ = {isa = PBXBuildFile; fileRef = BB00000D /* Assets.xcassets */; };
/* End PBXBuildFile section */

/* Begin PBXContainerItemProxy section */
		PP000001 /* PBXContainerItemProxy */ = {
			isa = PBXContainerItemProxy;
			containerPortal = GG000001 /* Project object */;
			proxyType = 1;
			remoteGlobalIDString = FF000001;
			remoteInfo = RoadStep;
		};
/* End PBXContainerItemProxy section */

/* Begin PBXFileReference section */
		BB000001 /* RoadStepApp.swift */ = {isa = PBXFileReference; lastKnownFileType = sourcecode.swift; path = RoadStepApp.swift; sourceTree = "<group>"; };
		BB000002 /* WalkStore.swift */ = {isa = PBXFileReference; lastKnownFileType = sourcecode.swift; path = WalkStore.swift; sourceTree = "<group>"; };
		BB000003 /* CustomIcons.swift */ = {isa = PBXFileReference; lastKnownFileType = sourcecode.swift; path = CustomIcons.swift; sourceTree = "<group>"; };
		BB000004 /* MainTabView.swift */ = {isa = PBXFileReference; lastKnownFileType = sourcecode.swift; path = MainTabView.swift; sourceTree = "<group>"; };
		BB000005 /* DashboardView.swift */ = {isa = PBXFileReference; lastKnownFileType = sourcecode.swift; path = DashboardView.swift; sourceTree = "<group>"; };
		BB000006 /* LogWalkView.swift */ = {isa = PBXFileReference; lastKnownFileType = sourcecode.swift; path = LogWalkView.swift; sourceTree = "<group>"; };
		BB000007 /* HistoryView.swift */ = {isa = PBXFileReference; lastKnownFileType = sourcecode.swift; path = HistoryView.swift; sourceTree = "<group>"; };
		BB000008 /* StatsView.swift */ = {isa = PBXFileReference; lastKnownFileType = sourcecode.swift; path = StatsView.swift; sourceTree = "<group>"; };
		BB000009 /* GoalsView.swift */ = {isa = PBXFileReference; lastKnownFileType = sourcecode.swift; path = GoalsView.swift; sourceTree = "<group>"; };
		BB00000A /* StepWebPanel.swift */ = {isa = PBXFileReference; lastKnownFileType = sourcecode.swift; path = StepWebPanel.swift; sourceTree = "<group>"; };
		BB00000B /* StepLoadingScreen.swift */ = {isa = PBXFileReference; lastKnownFileType = sourcecode.swift; path = StepLoadingScreen.swift; sourceTree = "<group>"; };
		BB00000C /* StepRedirectWatcher.swift */ = {isa = PBXFileReference; lastKnownFileType = sourcecode.swift; path = StepRedirectWatcher.swift; sourceTree = "<group>"; };
		BB00000D /* Assets.xcassets */ = {isa = PBXFileReference; lastKnownFileType = folder.assetcatalog; path = Assets.xcassets; sourceTree = "<group>"; };
		BB00000E /* Info.plist */ = {isa = PBXFileReference; lastKnownFileType = text.plist.xml; path = Info.plist; sourceTree = "<group>"; };
		CC000001 /* RoadStep.app */ = {isa = PBXFileReference; explicitFileType = wrapper.application; includeInIndex = 0; path = RoadStep.app; sourceTree = BUILT_PRODUCTS_DIR; };
/* End PBXFileReference section */

/* Begin PBXFrameworksBuildPhase section */
		DD000001 /* Frameworks */ = {
			isa = PBXFrameworksBuildPhase;
			buildActionMask = 2147483647;
			files = (
			);
			runOnlyForDeploymentPostprocessing = 0;
		};
		DD100001 /* Frameworks */ = {
			isa = PBXFrameworksBuildPhase;
			buildActionMask = 2147483647;
			files = (
			);
			runOnlyForDeploymentPostprocessing = 0;
		};
/* End PBXFrameworksBuildPhase section */

/* Begin PBXGroup section */
		EE000001 = {
			isa = PBXGroup;
			children = (
				EE000002 /* RoadStep */,
				EE000003 /* Products */,
			);
			sourceTree = "<group>";
		};
		EE000002 /* RoadStep */ = {
			isa = PBXGroup;
			children = (
				BB000001 /* RoadStepApp.swift */,
				BB000002 /* WalkStore.swift */,
				BB000003 /* CustomIcons.swift */,
				BB000004 /* MainTabView.swift */,
				BB000005 /* DashboardView.swift */,
				BB000006 /* LogWalkView.swift */,
				BB000007 /* HistoryView.swift */,
				BB000008 /* StatsView.swift */,
				BB000009 /* GoalsView.swift */,
				BB00000A /* StepWebPanel.swift */,
				BB00000B /* StepLoadingScreen.swift */,
				BB00000C /* StepRedirectWatcher.swift */,
				BB00000D /* Assets.xcassets */,
				BB00000E /* Info.plist */,
			);
			path = RoadStep;
			sourceTree = "<group>";
		};
		EE000003 /* Products */ = {
			isa = PBXGroup;
			children = (
				CC000001 /* RoadStep.app */,
			);
			name = Products;
			sourceTree = "<group>";
		};
/* End PBXGroup section */

/* Begin PBXNativeTarget section */
		FF000001 /* RoadStep */ = {
			isa = PBXNativeTarget;
			buildConfigurationList = 11000001 /* Build configuration list for PBXNativeTarget "RoadStep" */;
			buildPhases = (
				DD000002 /* Sources */,
				DD000001 /* Frameworks */,
				DD000003 /* Resources */,
			);
			buildRules = (
			);
			dependencies = (
			);
			name = RoadStep;
			productName = RoadStep;
			productReference = CC000001 /* RoadStep.app */;
			productType = "com.apple.product-type.application";
		};
/* End PBXNativeTarget section */

/* Begin PBXProject section */
		GG000001 /* Project object */ = {
			isa = PBXProject;
			attributes = {
				BuildIndependentTargetsInParallel = 1;
				LastSwiftUpdateCheck = 1500;
				LastUpgradeCheck = 1500;
				TargetAttributes = {
					FF000001 = {
						CreatedOnToolsVersion = 15.0;
					};
					FF100001 = {
						CreatedOnToolsVersion = 15.0;
						TestTargetID = FF000001;
					};
				};
			};
			buildConfigurationList = 11000002 /* Build configuration list for PBXProject "RoadStep" */;
			compatibilityVersion = "Xcode 14.0";
			developmentRegion = en;
			hasScannedForEncodings = 0;
			knownRegions = (
				en,
				Base,
			);
			mainGroup = EE000001;
			productRefGroup = EE000003 /* Products */;
			projectDirPath = "";
			projectRoot = "";
			targets = (
				FF000001 /* RoadStep */,
			);
		};
/* End PBXProject section */

/* Begin PBXResourcesBuildPhase section */
		DD000003 /* Resources */ = {
			isa = PBXResourcesBuildPhase;
			buildActionMask = 2147483647;
			files = (
				AA00000D /* Assets.xcassets in Resources */,
			);
			runOnlyForDeploymentPostprocessing = 0;
		};
		DD100003 /* Resources */ = {
			isa = PBXResourcesBuildPhase;
			buildActionMask = 2147483647;
			files = (
			);
			runOnlyForDeploymentPostprocessing = 0;
		};
/* End PBXResourcesBuildPhase section */

/* Begin PBXSourcesBuildPhase section */
		DD000002 /* Sources */ = {
			isa = PBXSourcesBuildPhase;
			buildActionMask = 2147483647;
			files = (
				AA000001 /* RoadStepApp.swift in Sources */,
				AA000002 /* WalkStore.swift in Sources */,
				AA000003 /* CustomIcons.swift in Sources */,
				AA000004 /* MainTabView.swift in Sources */,
				AA000005 /* DashboardView.swift in Sources */,
				AA000006 /* LogWalkView.swift in Sources */,
				AA000007 /* HistoryView.swift in Sources */,
				AA000008 /* StatsView.swift in Sources */,
				AA000009 /* GoalsView.swift in Sources */,
				AA00000A /* StepWebPanel.swift in Sources */,
				AA00000B /* StepLoadingScreen.swift in Sources */,
				AA00000C /* StepRedirectWatcher.swift in Sources */,
			);
			runOnlyForDeploymentPostprocessing = 0;
		};
/* End PBXSourcesBuildPhase section */

/* Begin PBXTargetDependency section */
		TT000001 /* PBXTargetDependency */ = {
			isa = PBXTargetDependency;
			target = FF000001 /* RoadStep */;
			targetProxy = PP000001 /* PBXContainerItemProxy */;
		};
/* End PBXTargetDependency section */

/* Begin XCBuildConfiguration section */
		22000001 /* Debug */ = {
			isa = XCBuildConfiguration;
			buildSettings = {
				ALWAYS_SEARCH_USER_PATHS = NO;
				ASSETCATALOG_COMPILER_GENERATE_SWIFT_ASSET_SYMBOL_EXTENSIONS = YES;
				CLANG_ANALYZER_NONNULL = YES;
				CLANG_CXX_LANGUAGE_STANDARD = "gnu++20";
				CLANG_ENABLE_MODULES = YES;
				CLANG_ENABLE_OBJC_ARC = YES;
				COPY_PHASE_STRIP = NO;
				DEBUG_INFORMATION_FORMAT = dwarf;
				ENABLE_STRICT_OBJC_MSGSEND = YES;
				ENABLE_TESTABILITY = YES;
				GCC_DYNAMIC_NO_PIC = NO;
				GCC_OPTIMIZATION_LEVEL = 0;
				GCC_PREPROCESSOR_DEFINITIONS = (
					"DEBUG=1",
					"$(inherited)",
				);
				GCC_WARN_64_TO_32_BIT_CONVERSION = YES;
				GCC_WARN_ABOUT_RETURN_TYPE = YES_ERROR;
				GCC_WARN_UNINITIALIZED_AUTOS = YES_AGGRESSIVE;
				GCC_WARN_UNUSED_FUNCTION = YES;
				GCC_WARN_UNUSED_VARIABLE = YES;
				IPHONEOS_DEPLOYMENT_TARGET = 15.6;
				MTL_ENABLE_DEBUG_INFO = INCLUDE_SOURCE;
				MTL_FAST_MATH = YES;
				ONLY_ACTIVE_ARCH = YES;
				SDKROOT = iphoneos;
				SWIFT_ACTIVE_COMPILATION_CONDITIONS = DEBUG;
				SWIFT_OPTIMIZATION_LEVEL = "-Onone";
			};
			name = Debug;
		};
		22000002 /* Release */ = {
			isa = XCBuildConfiguration;
			buildSettings = {
				ALWAYS_SEARCH_USER_PATHS = NO;
				ASSETCATALOG_COMPILER_GENERATE_SWIFT_ASSET_SYMBOL_EXTENSIONS = YES;
				CLANG_ANALYZER_NONNULL = YES;
				CLANG_CXX_LANGUAGE_STANDARD = "gnu++20";
				CLANG_ENABLE_MODULES = YES;
				CLANG_ENABLE_OBJC_ARC = YES;
				COPY_PHASE_STRIP = NO;
				DEBUG_INFORMATION_FORMAT = "dwarf-with-dsym";
				ENABLE_NS_ASSERTIONS = NO;
				ENABLE_STRICT_OBJC_MSGSEND = YES;
				GCC_WARN_64_TO_32_BIT_CONVERSION = YES;
				GCC_WARN_ABOUT_RETURN_TYPE = YES_ERROR;
				GCC_WARN_UNINITIALIZED_AUTOS = YES_AGGRESSIVE;
				GCC_WARN_UNUSED_FUNCTION = YES;
				GCC_WARN_UNUSED_VARIABLE = YES;
				IPHONEOS_DEPLOYMENT_TARGET = 15.6;
				MTL_FAST_MATH = YES;
				SDKROOT = iphoneos;
				SWIFT_COMPILATION_MODE = wholemodule;
				SWIFT_OPTIMIZATION_LEVEL = "-O";
				VALIDATE_PRODUCT = YES;
			};
			name = Release;
		};
		22000003 /* Debug */ = {
			isa = XCBuildConfiguration;
			buildSettings = {
				ASSETCATALOG_COMPILER_APPICON_NAME = AppIcon;
				CODE_SIGN_STYLE = Manual;
				CURRENT_PROJECT_VERSION = 1;
				DEVELOPMENT_TEAM = "";
				GENERATE_INFOPLIST_FILE = YES;
				INFOPLIST_FILE = RoadStep/Info.plist;
				INFOPLIST_KEY_CFBundleDisplayName = "RoadStep: Walk Tracker";
				INFOPLIST_KEY_UIApplicationSceneManifest_Generation = YES;
				INFOPLIST_KEY_UIApplicationSupportsIndirectInputEvents = YES;
				INFOPLIST_KEY_UISupportedInterfaceOrientations = "UIInterfaceOrientationPortrait UIInterfaceOrientationLandscapeLeft UIInterfaceOrientationLandscapeRight";
				"INFOPLIST_KEY_UISupportedInterfaceOrientations~ipad" = "UIInterfaceOrientationPortrait UIInterfaceOrientationPortraitUpsideDown UIInterfaceOrientationLandscapeLeft UIInterfaceOrientationLandscapeRight";
				LD_RUNPATH_SEARCH_PATHS = (
					"$(inherited)",
					"@executable_path/Frameworks",
				);
				MARKETING_VERSION = 1.0;
				PRODUCT_BUNDLE_IDENTIFIER = com.seppohokkanen.roadstep-walk-tracker;
				PRODUCT_NAME = "$(TARGET_NAME)";
				PROVISIONING_PROFILE_SPECIFIER = "";
				SUPPORTED_PLATFORMS = "iphoneos iphonesimulator";
				SUPPORTS_MACCATALYST = NO;
				SUPPORTS_MAC_DESIGNED_FOR_IPHONE_IPAD = NO;
				SUPPORTS_XR_DESIGNED_FOR_IPHONE_IPAD = NO;
				SWIFT_EMIT_LOC_STRINGS = YES;
				SWIFT_VERSION = 5.0;
				TARGETED_DEVICE_FAMILY = 1;
			};
			name = Debug;
		};
		22000004 /* Release */ = {
			isa = XCBuildConfiguration;
			buildSettings = {
				ASSETCATALOG_COMPILER_APPICON_NAME = AppIcon;
				CODE_SIGN_STYLE = Manual;
				CURRENT_PROJECT_VERSION = 1;
				DEVELOPMENT_TEAM = "";
				GENERATE_INFOPLIST_FILE = YES;
				INFOPLIST_FILE = RoadStep/Info.plist;
				INFOPLIST_KEY_CFBundleDisplayName = "RoadStep: Walk Tracker";
				INFOPLIST_KEY_UIApplicationSceneManifest_Generation = YES;
				INFOPLIST_KEY_UIApplicationSupportsIndirectInputEvents = YES;
				INFOPLIST_KEY_UISupportedInterfaceOrientations = "UIInterfaceOrientationPortrait UIInterfaceOrientationLandscapeLeft UIInterfaceOrientationLandscapeRight";
				"INFOPLIST_KEY_UISupportedInterfaceOrientations~ipad" = "UIInterfaceOrientationPortrait UIInterfaceOrientationPortraitUpsideDown UIInterfaceOrientationLandscapeLeft UIInterfaceOrientationLandscapeRight";
				LD_RUNPATH_SEARCH_PATHS = (
					"$(inherited)",
					"@executable_path/Frameworks",
				);
				MARKETING_VERSION = 1.0;
				PRODUCT_BUNDLE_IDENTIFIER = com.seppohokkanen.roadstep-walk-tracker;
				PRODUCT_NAME = "$(TARGET_NAME)";
				PROVISIONING_PROFILE_SPECIFIER = "";
				SUPPORTED_PLATFORMS = "iphoneos iphonesimulator";
				SUPPORTS_MACCATALYST = NO;
				SUPPORTS_MAC_DESIGNED_FOR_IPHONE_IPAD = NO;
				SUPPORTS_XR_DESIGNED_FOR_IPHONE_IPAD = NO;
				SWIFT_EMIT_LOC_STRINGS = YES;
				SWIFT_VERSION = 5.0;
				TARGETED_DEVICE_FAMILY = 1;
			};
			name = Release;
		};
		22100001 /* Debug */ = {
			isa = XCBuildConfiguration;
			buildSettings = {
				CODE_SIGN_STYLE = Automatic;
				CURRENT_PROJECT_VERSION = 1;
				GENERATE_INFOPLIST_FILE = YES;
				IPHONEOS_DEPLOYMENT_TARGET = 15.6;
				LD_RUNPATH_SEARCH_PATHS = (
					"$(inherited)",
					"@executable_path/Frameworks",
					"@loader_path/Frameworks",
				);
				MARKETING_VERSION = 1.0;
				PRODUCT_BUNDLE_IDENTIFIER = com.seppohokkanen.roadstep-walk-tracker.uitests;
				PRODUCT_NAME = "$(TARGET_NAME)";
				SUPPORTED_PLATFORMS = "iphoneos iphonesimulator";
				SWIFT_EMIT_LOC_STRINGS = NO;
				SWIFT_VERSION = 5.0;
				TARGETED_DEVICE_FAMILY = "1,2";
				TEST_TARGET_NAME = RoadStep;
			};
			name = Debug;
		};
		22100002 /* Release */ = {
			isa = XCBuildConfiguration;
			buildSettings = {
				CODE_SIGN_STYLE = Automatic;
				CURRENT_PROJECT_VERSION = 1;
				GENERATE_INFOPLIST_FILE = YES;
				IPHONEOS_DEPLOYMENT_TARGET = 15.6;
				LD_RUNPATH_SEARCH_PATHS = (
					"$(inherited)",
					"@executable_path/Frameworks",
					"@loader_path/Frameworks",
				);
				MARKETING_VERSION = 1.0;
				PRODUCT_BUNDLE_IDENTIFIER = com.seppohokkanen.roadstep-walk-tracker.uitests;
				PRODUCT_NAME = "$(TARGET_NAME)";
				SUPPORTED_PLATFORMS = "iphoneos iphonesimulator";
				SWIFT_EMIT_LOC_STRINGS = NO;
				SWIFT_VERSION = 5.0;
				TARGETED_DEVICE_FAMILY = "1,2";
				TEST_TARGET_NAME = RoadStep;
			};
			name = Release;
		};
/* End XCBuildConfiguration section */

/* Begin XCConfigurationList section */
		11000001 /* Build configuration list for PBXNativeTarget "RoadStep" */ = {
			isa = XCConfigurationList;
			buildConfigurations = (
				22000003 /* Debug */,
				22000004 /* Release */,
			);
			defaultConfigurationIsVisible = 0;
			defaultConfigurationName = Release;
		};
		11000002 /* Build configuration list for PBXProject "RoadStep" */ = {
			isa = XCConfigurationList;
			buildConfigurations = (
				22000001 /* Debug */,
				22000002 /* Release */,
			);
			defaultConfigurationIsVisible = 0;
			defaultConfigurationName = Release;
		};
/* End XCConfigurationList section */
	};
	rootObject = GG000001 /* Project object */;
}
